
Microsoft Visual Studio Solution File, Format Version 12.00
# Visual Studio Version 16
VisualStudioVersion = 16.0.32002.261
MinimumVisualStudioVersion = 10.0.40219.1
Project("{9A19103F-16F7-4668-BE54-9A1E7A4F7556}") = "ImagesLamda.BE", "ImagesLamda.BE\ImagesLamda.BE.csproj", "{96F363C9-ADD7-48CA-B408-C520760CF9EE}"
EndProject
Global
	GlobalSection(SolutionConfigurationPlatforms) = preSolution
		Debug|Any CPU = Debug|Any CPU
		Release|Any CPU = Release|Any CPU
	EndGlobalSection
	GlobalSection(ProjectConfigurationPlatforms) = postSolution
		{96F363C9-ADD7-48CA-B408-C520760CF9EE}.Debug|Any CPU.ActiveCfg = Debug|Any CPU
		{96F363C9-ADD7-48CA-B408-C520760CF9EE}.Debug|Any CPU.Build.0 = Debug|Any CPU
		{96F363C9-ADD7-48CA-B408-C520760CF9EE}.Release|Any CPU.ActiveCfg = Release|Any CPU
		{96F363C9-ADD7-48CA-B408-C520760CF9EE}.Release|Any CPU.Build.0 = Release|Any CPU
	EndGlobalSection
	GlobalSection(SolutionProperties) = preSolution
		HideSolutionNode = FALSE
	EndGlobalSection
	GlobalSection(ExtensibilityGlobals) = postSolution
		SolutionGuid = {F7C1DC6B-8598-4207-818B-643D55A3BCB5}
	EndGlobalSection
EndGlobal
